
Microsoft Visual Studio Solution File, Format Version 12.00
# Visual Studio Version 16
VisualStudioVersion = 16.0.32228.343
MinimumVisualStudioVersion = 10.0.40219.1
Project("{FAE04EC0-301F-11D3-BF4B-00C04F79EFBC}") = "Reflection2", "Reflection2\Reflection2.csproj", "{77AA1B3D-14DD-432D-8DFA-2C22E9C0E5F9}"
EndProject
Project("{FAE04EC0-301F-11D3-BF4B-00C04F79EFBC}") = "Classes", "Classes\Classes.csproj", "{1C7F4F5C-B3AD-4F05-98BD-217946E74368}"
EndProject
Global
	GlobalSection(SolutionConfigurationPlatforms) = preSolution
		Debug|Any CPU = Debug|Any CPU
		Release|Any CPU = Release|Any CPU
	EndGlobalSection
	GlobalSection(ProjectConfigurationPlatforms) = postSolution
		{77AA1B3D-14DD-432D-8DFA-2C22E9C0E5F9}.Debug|Any CPU.ActiveCfg = Debug|Any CPU
		{77AA1B3D-14DD-432D-8DFA-2C22E9C0E5F9}.Debug|Any CPU.Build.0 = Debug|Any CPU
		{77AA1B3D-14DD-432D-8DFA-2C22E9C0E5F9}.Release|Any CPU.ActiveCfg = Release|Any CPU
		{77AA1B3D-14DD-432D-8DFA-2C22E9C0E5F9}.Release|Any CPU.Build.0 = Release|Any CPU
		{1C7F4F5C-B3AD-4F05-98BD-217946E74368}.Debug|Any CPU.ActiveCfg = Debug|Any CPU
		{1C7F4F5C-B3AD-4F05-98BD-217946E74368}.Debug|Any CPU.Build.0 = Debug|Any CPU
		{1C7F4F5C-B3AD-4F05-98BD-217946E74368}.Release|Any CPU.ActiveCfg = Release|Any CPU
		{1C7F4F5C-B3AD-4F05-98BD-217946E74368}.Release|Any CPU.Build.0 = Release|Any CPU
	EndGlobalSection
	GlobalSection(SolutionProperties) = preSolution
		HideSolutionNode = FALSE
	EndGlobalSection
	GlobalSection(ExtensibilityGlobals) = postSolution
		SolutionGuid = {00507D9B-736E-4DC5-9F4E-3E97CC784D97}
	EndGlobalSection
EndGlobal
